{
  "name": "nakama-plus",
  "lockfileVersion": 3,
  "requires": true,
  "packages": {
    "": {
      "dependencies": {
        "@bufbuild/buf": "^1.73.0"
      }
    },
    "node_modules/@bufbuild/buf": {
      "version": "1.73.0",
      "resolved": "https://registry.npmjs.org/@bufbuild/buf/-/buf-1.73.0.tgz",
      "integrity": "sha512-W3whb4P1y3Hs9bqwCu9++W1v1ofHZ3dBUCe6JSZq0Ff5OK5UKKZuMN4iunPbgdyXY4+4ujEYf2ESrN/6MbcFSQ==",
      "hasInstallScript": true,
      "license": "Apache-2.0",
      "bin": {
        "buf": "bin/buf",
        "protoc-gen-buf-breaking": "bin/protoc-gen-buf-breaking",
        "protoc-gen-buf-lint": "bin/protoc-gen-buf-lint"
      },
      "engines": {
        "node": ">=12"
      },
      "optionalDependencies": {
        "@bufbuild/buf-darwin-arm64": "1.73.0",
        "@bufbuild/buf-darwin-x64": "1.73.0",
        "@bufbuild/buf-linux-aarch64": "1.73.0",
        "@bufbuild/buf-linux-armv7": "1.73.0",
        "@bufbuild/buf-linux-x64": "1.73.0",
        "@bufbuild/buf-win32-arm64": "1.73.0",
        "@bufbuild/buf-win32-x64": "1.73.0"
      }
    },
    "node_modules/@bufbuild/buf-darwin-arm64": {
      "version": "1.73.0",
      "resolved": "https://registry.npmjs.org/@bufbuild/buf-darwin-arm64/-/buf-darwin-arm64-1.73.0.tgz",
      "integrity": "sha512-cDd3y376ecClhyytNLlY3AtsZqsqXvEkQjMvrahrv/xUWWhEIX3efD8y0uufXDe8Yuk3sEmj7J1Xlx73Y46SkA==",
      "cpu": [
        "arm64"
      ],
      "license": "Apache-2.0",
      "optional": true,
      "os": [
        "darwin"
      ],
      "engines": {
        "node": ">=12"
      }
    },
    "node_modules/@bufbuild/buf-darwin-x64": {
      "version": "1.73.0",
      "resolved": "https://registry.npmjs.org/@bufbuild/buf-darwin-x64/-/buf-darwin-x64-1.73.0.tgz",
      "integrity": "sha512-VTBTCwaqT7otsMGXlk3MRu6x5hp+YH9PaLKcyWAa8wEt0NnMzbXdkE8GiLgI8Qkl7S3+pC9YSTCE/I+O87Fvrw==",
      "cpu": [
        "x64"
      ],
      "license": "Apache-2.0",
      "optional": true,
      "os": [
        "darwin"
      ],
      "engines": {
        "node": ">=12"
      }
    },
    "node_modules/@bufbuild/buf-linux-aarch64": {
      "version": "1.73.0",
      "resolved": "https://registry.npmjs.org/@bufbuild/buf-linux-aarch64/-/buf-linux-aarch64-1.73.0.tgz",
      "integrity": "sha512-HjoQ3wbLiUv5N5XLM3EAR2FY51Yn6t5MEXLPnS/Hx0KDkK/5eyIBZZ6toHBLjczAr1RTA1LagF38+lglZI+kvA==",
      "cpu": [
        "arm64"
      ],
      "license": "Apache-2.0",
      "optional": true,
      "os": [
        "linux"
      ],
      "engines": {
        "node": ">=12"
      }
    },
    "node_modules/@bufbuild/buf-linux-armv7": {
      "version": "1.73.0",
      "resolved": "https://registry.npmjs.org/@bufbuild/buf-linux-armv7/-/buf-linux-armv7-1.73.0.tgz",
      "integrity": "sha512-NsZuVg8hXfGcR96Is14ArKxZg6pdJb6kb63bx2g7q8Cjo+gRqZMBFKGvF/fnQMxTrRQAm6hzeF4a2vV4W3lszg==",
      "cpu": [
        "arm"
      ],
      "license": "Apache-2.0",
      "optional": true,
      "os": [
        "linux"
      ],
      "engines": {
        "node": ">=12"
      }
    },
    "node_modules/@bufbuild/buf-linux-x64": {
      "version": "1.73.0",
      "resolved": "https://registry.npmjs.org/@bufbuild/buf-linux-x64/-/buf-linux-x64-1.73.0.tgz",
      "integrity": "sha512-dMe6lBQrlHTU7DzqzaR7Udky7R78EDzzxtYZQdjkZun9jKdjGR4fLbPWEPyY4rLGVyk6UUnrtkf5qoIK2SC6qw==",
      "cpu": [
        "x64"
      ],
      "license": "Apache-2.0",
      "optional": true,
      "os": [
        "linux"
      ],
      "engines": {
        "node": ">=12"
      }
    },
    "node_modules/@bufbuild/buf-win32-arm64": {
      "version": "1.73.0",
      "resolved": "https://registry.npmjs.org/@bufbuild/buf-win32-arm64/-/buf-win32-arm64-1.73.0.tgz",
      "integrity": "sha512-UmubCflc8zJ48bVW0WeGeVTkNuumJP//wCWKUmeTXT1iNlEqkpaXy6y7o8YJKHGWLfX0/1UV3oay9ti0EyojMw==",
      "cpu": [
        "arm64"
      ],
      "license": "Apache-2.0",
      "optional": true,
      "os": [
        "win32"
      ],
      "engines": {
        "node": ">=12"
      }
    },
    "node_modules/@bufbuild/buf-win32-x64": {
      "version": "1.73.0",
      "resolved": "https://registry.npmjs.org/@bufbuild/buf-win32-x64/-/buf-win32-x64-1.73.0.tgz",
      "integrity": "sha512-/Buo10rXzqNLnFDh3BpzGdcrx6OalcU8o8gUyObCFZA5wKcUvBVNDhhpMmoB6YeiOPpPn47jHgW4bSSlypaaOQ==",
      "cpu": [
        "x64"
      ],
      "license": "Apache-2.0",
      "optional": true,
      "os": [
        "win32"
      ],
      "engines": {
        "node": ">=12"
      }
    }
  }
}
